// !$*UTF8*$!
{
	archiveVersion = 1;
	classes = {
	};
	objectVersion = 46;
	objects = {

/* Begin PBXBuildFile section */
		01AF1AD2B06749DDCBD9FB1C /* ofxGLFWJoystick.cpp in Sources */ = {isa = PBXBuildFile; fileRef = 4CB4AED46FACC85812F43C03 /* ofxGLFWJoystick.cpp */; };
		0FB91E52145278A9B277BAB5 /* ofxRtMidiOut.cpp in Sources */ = {isa = PBXBuildFile; fileRef = 60D51922CC5D3C471430F66E /* ofxRtMidiOut.cpp */; };
		1DF74FFB2A84FF7729E12287 /* RtMidi.cpp in Sources */ = {isa = PBXBuildFile; fileRef = 25200D81D7A486439A22F29F /* RtMidi.cpp */; };
		265C584D00CF743F5DCDFA09 /* ofxBaseGui.cpp in Sources */ = {isa = PBXBuildFile; fileRef = 82AA3F24A953471E27D37D3D /* ofxBaseGui.cpp */; };
		297CFAED26A27D2AA7F58058 /* ofxSliderGroup.cpp in Sources */ = {isa = PBXBuildFile; fileRef = 9784659C28DFD8ABA17676D0 /* ofxSliderGroup.cpp */; };
		384187EE4DE8E9656576880F /* ofxMidi.cpp in Sources */ = {isa = PBXBuildFile; fileRef = B6BE787A93A9EF341C460C56 /* ofxMidi.cpp */; };
		44F7267048798A6D425BC9C2 /* ofxGuiGroup.cpp in Sources */ = {isa = PBXBuildFile; fileRef = DEDAC68DCDD8D252AF512843 /* ofxGuiGroup.cpp */; };
		631702104AFC104323A9EB79 /* CoreMIDI.framework in Frameworks */ = {isa = PBXBuildFile; fileRef = 81AC32CCCB56FAABA3E1BDE0 /* CoreMIDI.framework */; };
		7DFF8402FFA38B5D4888E929 /* ofxRtMidiIn.cpp in Sources */ = {isa = PBXBuildFile; fileRef = A8DE3A5A0EC4369E55052800 /* ofxRtMidiIn.cpp */; };
		7FB97E569128C658CE3A793D /* ofxPanel.cpp in Sources */ = {isa = PBXBuildFile; fileRef = 4AE6A6FDBDB20C699A119B32 /* ofxPanel.cpp */; };
		857F5660D31721452422A4A3 /* ofxMidiOut.cpp in Sources */ = {isa = PBXBuildFile; fileRef = 7351E9AE51D6D4BDAEE6934A /* ofxMidiOut.cpp */; };
		B4C7B869FE07D4246A68EF29 /* ofxLabel.cpp in Sources */ = {isa = PBXBuildFile; fileRef = 70BEFE7BF7D7FFD335721F94 /* ofxLabel.cpp */; };
		D015DB6AFC6059CE501471A7 /* ofxSlider.cpp in Sources */ = {isa = PBXBuildFile; fileRef = 2D999C909598014FDCA9D0D8 /* ofxSlider.cpp */; };
		E1B9AD2E368BEB3F0B1F4DF8 /* ofxMidiIn.cpp in Sources */ = {isa = PBXBuildFile; fileRef = 0E51595FF03A79A0BBD00013 /* ofxMidiIn.cpp */; };
		E4328149138ABC9F0047C5CB /* openFrameworksDebug.a in Frameworks */ = {isa = PBXBuildFile; fileRef = E4328148138ABC890047C5CB /* openFrameworksDebug.a */; };
		E4B69E200A3A1BDC003C02F2 /* main.cpp in Sources */ = {isa = PBXBuildFile; fileRef = E4B69E1D0A3A1BDC003C02F2 /* main.cpp */; };
		E4B69E210A3A1BDC003C02F2 /* ofApp.cpp in Sources */ = {isa = PBXBuildFile; fileRef = E4B69E1E0A3A1BDC003C02F2 /* ofApp.cpp */; };
		EB42821C576CCBB05C9D908C /* ofxMidiMessage.cpp in Sources */ = {isa = PBXBuildFile; fileRef = B1C373DEF5BAE40D18B4533A /* ofxMidiMessage.cpp */; };
		F2350174323443B3C4E8099E /* ofxBaseMidi.cpp in Sources */ = {isa = PBXBuildFile; fileRef = 9801A2774EE2F147E497E666 /* ofxBaseMidi.cpp */; };
		F5B3414F36BC1766201AA5E6 /* ofxToggle.cpp in Sources */ = {isa = PBXBuildFile; fileRef = 1B045BBA84B41B4E278C0DDB /* ofxToggle.cpp */; };
		FDDAE3420747F8C98E272A3C /* ofxButton.cpp in Sources */ = {isa = PBXBuildFile; fileRef = D1051DAF9567AED61A15F31C /* ofxButton.cpp */; };
/* End PBXBuildFile section */

/* Begin PBXContainerItemProxy section */
		E4328147138ABC890047C5CB /* PBXContainerItemProxy */ = {
			isa = PBXContainerItemProxy;
			containerPortal = E4328143138ABC890047C5CB /* openFrameworksLib.xcodeproj */;
			proxyType = 2;
			remoteGlobalIDString = E4B27C1510CBEB8E00536013;
			remoteInfo = openFrameworks;
		};
		E4EEB9AB138B136A00A80321 /* PBXContainerItemProxy */ = {
			isa = PBXContainerItemProxy;
			containerPortal = E4328143138ABC890047C5CB /* openFrameworksLib.xcodeproj */;
			proxyType = 1;
			remoteGlobalIDString = E4B27C1410CBEB8E00536013;
			remoteInfo = openFrameworks;
		};
/* End PBXContainerItemProxy section */

/* Begin PBXCopyFilesBuildPhase section */
		E4C2427710CC5ABF004149E2 /* CopyFiles */ = {
			isa = PBXCopyFilesBuildPhase;
			buildActionMask = 2147483647;
			dstPath = "";
			dstSubfolderSpec = 10;
			files = (
			);
			runOnlyForDeploymentPostprocessing = 0;
		};
/* End PBXCopyFilesBuildPhase section */

/* Begin PBXFileReference section */
		0E51595FF03A79A0BBD00013 /* ofxMidiIn.cpp */ = {isa = PBXFileReference; explicitFileType = sourcecode.cpp.cpp; fileEncoding = 30; name = ofxMidiIn.cpp; path = ../../../../src/openFrameworks/addons/ofxMidi/src/ofxMidiIn.cpp; sourceTree = SOURCE_ROOT; };
		1B045BBA84B41B4E278C0DDB /* ofxToggle.cpp */ = {isa = PBXFileReference; explicitFileType = sourcecode.cpp.cpp; fileEncoding = 30; name = ofxToggle.cpp; path = ../../../../src/openFrameworks/addons/ofxGui/src/ofxToggle.cpp; sourceTree = SOURCE_ROOT; };
		25200D81D7A486439A22F29F /* RtMidi.cpp */ = {isa = PBXFileReference; explicitFileType = sourcecode.cpp.cpp; fileEncoding = 30; name = RtMidi.cpp; path = ../../../../src/openFrameworks/addons/ofxMidi/libs/rtmidi/RtMidi.cpp; sourceTree = SOURCE_ROOT; };
		25EAFC1B5E296996CEDFC311 /* RtMidi.h */ = {isa = PBXFileReference; explicitFileType = sourcecode.c.h; fileEncoding = 30; name = RtMidi.h; path = ../../../../src/openFrameworks/addons/ofxMidi/libs/rtmidi/RtMidi.h; sourceTree = SOURCE_ROOT; };
		2A9B91B16AF835B7F21A8A7E /* ofxRtMidiOut.h */ = {isa = PBXFileReference; explicitFileType = sourcecode.c.h; fileEncoding = 30; name = ofxRtMidiOut.h; path = ../../../../src/openFrameworks/addons/ofxMidi/src/desktop/ofxRtMidiOut.h; sourceTree = SOURCE_ROOT; };
		2D999C909598014FDCA9D0D8 /* ofxSlider.cpp */ = {isa = PBXFileReference; explicitFileType = sourcecode.cpp.cpp; fileEncoding = 30; name = ofxSlider.cpp; path = ../../../../src/openFrameworks/addons/ofxGui/src/ofxSlider.cpp; sourceTree = SOURCE_ROOT; };
		3AA14969D9AE5F20768A8EB0 /* ofxToggle.h */ = {isa = PBXFileReference; explicitFileType = sourcecode.c.h; fileEncoding = 30; name = ofxToggle.h; path = ../../../../src/openFrameworks/addons/ofxGui/src/ofxToggle.h; sourceTree = SOURCE_ROOT; };
		4AE6A6FDBDB20C699A119B32 /* ofxPanel.cpp */ = {isa = PBXFileReference; explicitFileType = sourcecode.cpp.cpp; fileEncoding = 30; name = ofxPanel.cpp; path = ../../../../src/openFrameworks/addons/ofxGui/src/ofxPanel.cpp; sourceTree = SOURCE_ROOT; };
		4CB4AED46FACC85812F43C03 /* ofxGLFWJoystick.cpp */ = {isa = PBXFileReference; explicitFileType = sourcecode.cpp.cpp; fileEncoding = 30; name = ofxGLFWJoystick.cpp; path = ../../../../src/openFrameworks/addons/ofxGLFWJoystick/src/ofxGLFWJoystick.cpp; sourceTree = SOURCE_ROOT; };
		4FB5FE5E1F88CE080010AAE0 /* AxisSmoother.h */ = {isa = PBXFileReference; fileEncoding = 4; lastKnownFileType = sourcecode.c.h; path = AxisSmoother.h; sourceTree = "<group>"; };
		57DAF4C7884BC6CE19E50560 /* ofxSliderGroup.h */ = {isa = PBXFileReference; explicitFileType = sourcecode.c.h; fileEncoding = 30; name = ofxSliderGroup.h; path = ../../../../src/openFrameworks/addons/ofxGui/src/ofxSliderGroup.h; sourceTree = SOURCE_ROOT; };
		60D51922CC5D3C471430F66E /* ofxRtMidiOut.cpp */ = {isa = PBXFileReference; explicitFileType = sourcecode.cpp.cpp; fileEncoding = 30; name = ofxRtMidiOut.cpp; path = ../../../../src/openFrameworks/addons/ofxMidi/src/desktop/ofxRtMidiOut.cpp; sourceTree = SOURCE_ROOT; };
		66DAD44BE6DE9359056649E2 /* ofxButton.h */ = {isa = PBXFileReference; explicitFileType = sourcecode.c.h; fileEncoding = 30; name = ofxButton.h; path = ../../../../src/openFrameworks/addons/ofxGui/src/ofxButton.h; sourceTree = SOURCE_ROOT; };
		70BEFE7BF7D7FFD335721F94 /* ofxLabel.cpp */ = {isa = PBXFileReference; explicitFileType = sourcecode.cpp.cpp; fileEncoding = 30; name = ofxLabel.cpp; path = ../../../../src/openFrameworks/addons/ofxGui/src/ofxLabel.cpp; sourceTree = SOURCE_ROOT; };
		7351E9AE51D6D4BDAEE6934A /* ofxMidiOut.cpp */ = {isa = PBXFileReference; explicitFileType = sourcecode.cpp.cpp; fileEncoding = 30; name = ofxMidiOut.cpp; path = ../../../../src/openFrameworks/addons/ofxMidi/src/ofxMidiOut.cpp; sourceTree = SOURCE_ROOT; };
		80FC9CC48ADB646A30D1679F /* ofxGui.h */ = {isa = PBXFileReference; explicitFileType = sourcecode.c.h; fileEncoding = 30; name = ofxGui.h; path = ../../../../src/openFrameworks/addons/ofxGui/src/ofxGui.h; sourceTree = SOURCE_ROOT; };
		81AC32CCCB56FAABA3E1BDE0 /* CoreMIDI.framework */ = {isa = PBXFileReference; lastKnownFileType = wrapper.framework; name = CoreMIDI.framework; path = /System/Library/Frameworks/CoreMIDI.framework; sourceTree = "<group>"; };
		82AA3F24A953471E27D37D3D /* ofxBaseGui.cpp */ = {isa = PBXFileReference; explicitFileType = sourcecode.cpp.cpp; fileEncoding = 30; name = ofxBaseGui.cpp; path = ../../../../src/openFrameworks/addons/ofxGui/src/ofxBaseGui.cpp; sourceTree = SOURCE_ROOT; };
		847F5C29A046CC6610DE7273 /* ofxMidi.h */ = {isa = PBXFileReference; explicitFileType = sourcecode.c.h; fileEncoding = 30; name = ofxMidi.h; path = ../../../../src/openFrameworks/addons/ofxMidi/src/ofxMidi.h; sourceTree = SOURCE_ROOT; };
		8580B28FC305997355D853B5 /* ofxRtMidiIn.h */ = {isa = PBXFileReference; explicitFileType = sourcecode.c.h; fileEncoding = 30; name = ofxRtMidiIn.h; path = ../../../../src/openFrameworks/addons/ofxMidi/src/desktop/ofxRtMidiIn.h; sourceTree = SOURCE_ROOT; };
		8A948434773CD766EAC77F50 /* LogitechF310.h */ = {isa = PBXFileReference; explicitFileType = sourcecode.c.h; fileEncoding = 30; name = LogitechF310.h; path = ../../../../src/openFrameworks/addons/ofxGLFWJoystick/src/LogitechF310.h; sourceTree = SOURCE_ROOT; };
		8CED72CA859E5E907D55FDA7 /* GenericJoystick.h */ = {isa = PBXFileReference; explicitFileType = sourcecode.c.h; fileEncoding = 30; name = GenericJoystick.h; path = ../../../../src/openFrameworks/addons/ofxGLFWJoystick/src/GenericJoystick.h; sourceTree = SOURCE_ROOT; };
		9784659C28DFD8ABA17676D0 /* ofxSliderGroup.cpp */ = {isa = PBXFileReference; explicitFileType = sourcecode.cpp.cpp; fileEncoding = 30; name = ofxSliderGroup.cpp; path = ../../../../src/openFrameworks/addons/ofxGui/src/ofxSliderGroup.cpp; sourceTree = SOURCE_ROOT; };
		9801A2774EE2F147E497E666 /* ofxBaseMidi.cpp */ = {isa = PBXFileReference; explicitFileType = sourcecode.cpp.cpp; fileEncoding = 30; name = ofxBaseMidi.cpp; path = ../../../../src/openFrameworks/addons/ofxMidi/src/ofxBaseMidi.cpp; sourceTree = SOURCE_ROOT; };
		A267B8DDDFC55DF80749F41E /* ofxMidiIn.h */ = {isa = PBXFileReference; explicitFileType = sourcecode.c.h; fileEncoding = 30; name = ofxMidiIn.h; path = ../../../../src/openFrameworks/addons/ofxMidi/src/ofxMidiIn.h; sourceTree = SOURCE_ROOT; };
		A3C310A944F05CD59A083B36 /* N64Adaptoid.h */ = {isa = PBXFileReference; explicitFileType = sourcecode.c.h; fileEncoding = 30; name = N64Adaptoid.h; path = ../../../../src/openFrameworks/addons/ofxGLFWJoystick/src/N64Adaptoid.h; sourceTree = SOURCE_ROOT; };
		A86F37F7B51572D7BEF299B6 /* ofxGuiGroup.h */ = {isa = PBXFileReference; explicitFileType = sourcecode.c.h; fileEncoding = 30; name = ofxGuiGroup.h; path = ../../../../src/openFrameworks/addons/ofxGui/src/ofxGuiGroup.h; sourceTree = SOURCE_ROOT; };
		A8DE3A5A0EC4369E55052800 /* ofxRtMidiIn.cpp */ = {isa = PBXFileReference; explicitFileType = sourcecode.cpp.cpp; fileEncoding = 30; name = ofxRtMidiIn.cpp; path = ../../../../src/openFrameworks/addons/ofxMidi/src/desktop/ofxRtMidiIn.cpp; sourceTree = SOURCE_ROOT; };
		AB753B23F342A80946431F90 /* ofxBaseGui.h */ = {isa = PBXFileReference; explicitFileType = sourcecode.c.h; fileEncoding = 30; name = ofxBaseGui.h; path = ../../../../src/openFrameworks/addons/ofxGui/src/ofxBaseGui.h; sourceTree = SOURCE_ROOT; };
		B1C373DEF5BAE40D18B4533A /* ofxMidiMessage.cpp */ = {isa = PBXFileReference; explicitFileType = sourcecode.cpp.cpp; fileEncoding = 30; name = ofxMidiMessage.cpp; path = ../../../../src/openFrameworks/addons/ofxMidi/src/ofxMidiMessage.cpp; sourceTree = SOURCE_ROOT; };
		B24B5200F1283E281DA7D06F /* ofxMidiMessage.h */ = {isa = PBXFileReference; explicitFileType = sourcecode.c.h; fileEncoding = 30; name = ofxMidiMessage.h; path = ../../../../src/openFrameworks/addons/ofxMidi/src/ofxMidiMessage.h; sourceTree = SOURCE_ROOT; };
		B6BE787A93A9EF341C460C56 /* ofxMidi.cpp */ = {isa = PBXFileReference; explicitFileType = sourcecode.cpp.cpp; fileEncoding = 30; name = ofxMidi.cpp; path = ../../../../src/openFrameworks/addons/ofxMidi/src/ofxMidi.cpp; sourceTree = SOURCE_ROOT; };
		C0EBA6EBF9A7134D900E3543 /* ofxMidiOut.h */ = {isa = PBXFileReference; explicitFileType = sourcecode.c.h; fileEncoding = 30; name = ofxMidiOut.h; path = ../../../../src/openFrameworks/addons/ofxMidi/src/ofxMidiOut.h; sourceTree = SOURCE_ROOT; };
		C1E0C5B1F4B64893B136CB27 /* ofxMidiTypes.h */ = {isa = PBXFileReference; explicitFileType = sourcecode.c.h; fileEncoding = 30; name = ofxMidiTypes.h; path = ../../../../src/openFrameworks/addons/ofxMidi/src/ofxMidiTypes.h; sourceTree = SOURCE_ROOT; };
		CA7C74525C9216AA41465FBA /* ofxPanel.h */ = {isa = PBXFileReference; explicitFileType = sourcecode.c.h; fileEncoding = 30; name = ofxPanel.h; path = ../../../../src/openFrameworks/addons/ofxGui/src/ofxPanel.h; sourceTree = SOURCE_ROOT; };
		CF66C6555C8E407B992FBCDF /* ofxMidiConstants.h */ = {isa = PBXFileReference; explicitFileType = sourcecode.c.h; fileEncoding = 30; name = ofxMidiConstants.h; path = ../../../../src/openFrameworks/addons/ofxMidi/src/ofxMidiConstants.h; sourceTree = SOURCE_ROOT; };
		CFF9D1B22DDC638E96AE5DD5 /* ofxGLFWJoystick.h */ = {isa = PBXFileReference; explicitFileType = sourcecode.c.h; fileEncoding = 30; name = ofxGLFWJoystick.h; path = ../../../../src/openFrameworks/addons/ofxGLFWJoystick/src/ofxGLFWJoystick.h; sourceTree = SOURCE_ROOT; };
		D1051DAF9567AED61A15F31C /* ofxButton.cpp */ = {isa = PBXFileReference; explicitFileType = sourcecode.cpp.cpp; fileEncoding = 30; name = ofxButton.cpp; path = ../../../../src/openFrameworks/addons/ofxGui/src/ofxButton.cpp; sourceTree = SOURCE_ROOT; };
		DD0395162429FD0CA5107427 /* ofxBaseMidi.h */ = {isa = PBXFileReference; explicitFileType = sourcecode.c.h; fileEncoding = 30; name = ofxBaseMidi.h; path = ../../../../src/openFrameworks/addons/ofxMidi/src/ofxBaseMidi.h; sourceTree = SOURCE_ROOT; };
		DEDAC68DCDD8D252AF512843 /* ofxGuiGroup.cpp */ = {isa = PBXFileReference; explicitFileType = sourcecode.cpp.cpp; fileEncoding = 30; name = ofxGuiGroup.cpp; path = ../../../../src/openFrameworks/addons/ofxGui/src/ofxGuiGroup.cpp; sourceTree = SOURCE_ROOT; };
		E4328143138ABC890047C5CB /* openFrameworksLib.xcodeproj */ = {isa = PBXFileReference; lastKnownFileType = "wrapper.pb-project"; name = openFrameworksLib.xcodeproj; path = ../../../../src/openFrameworks/libs/openFrameworksCompiled/project/osx/openFrameworksLib.xcodeproj; sourceTree = SOURCE_ROOT; };
		E4B69B5B0A3A1756003C02F2 /* exampl3Debug.app */ = {isa = PBXFileReference; explicitFileType = wrapper.application; includeInIndex = 0; path = exampl3Debug.app; sourceTree = BUILT_PRODUCTS_DIR; };
		E4B69E1D0A3A1BDC003C02F2 /* main.cpp */ = {isa = PBXFileReference; fileEncoding = 30; lastKnownFileType = sourcecode.cpp.cpp; name = main.cpp; path = src/main.cpp; sourceTree = SOURCE_ROOT; };
		E4B69E1E0A3A1BDC003C02F2 /* ofApp.cpp */ = {isa = PBXFileReference; explicitFileType = sourcecode.cpp.cpp; fileEncoding = 30; name = ofApp.cpp; path = src/ofApp.cpp; sourceTree = SOURCE_ROOT; };
		E4B69E1F0A3A1BDC003C02F2 /* ofApp.h */ = {isa = PBXFileReference; fileEncoding = 30; lastKnownFileType = sourcecode.c.h; name = ofApp.h; path = src/ofApp.h; sourceTree = SOURCE_ROOT; };
		E4B6FCAD0C3E899E008CF71C /* openFrameworks-Info.plist */ = {isa = PBXFileReference; fileEncoding = 30; lastKnownFileType = text.plist.xml; path = "openFrameworks-Info.plist"; sourceTree = "<group>"; };
		E4EB691F138AFCF100A09F29 /* CoreOF.xcconfig */ = {isa = PBXFileReference; fileEncoding = 4; lastKnownFileType = text.xcconfig; name = CoreOF.xcconfig; path = ../../../../src/openFrameworks/libs/openFrameworksCompiled/project/osx/CoreOF.xcconfig; sourceTree = SOURCE_ROOT; };
		E4EB6923138AFD0F00A09F29 /* Project.xcconfig */ = {isa = PBXFileReference; fileEncoding = 4; lastKnownFileType = text.xcconfig; path = Project.xcconfig; sourceTree = "<group>"; };
		F9FBB14BB236B5CBE40D4AA7 /* ofxSlider.h */ = {isa = PBXFileReference; explicitFileType = sourcecode.c.h; fileEncoding = 30; name = ofxSlider.h; path = ../../../../src/openFrameworks/addons/ofxGui/src/ofxSlider.h; sourceTree = SOURCE_ROOT; };
		FD0E4611566F4D4889C977DA /* ofxLabel.h */ = {isa = PBXFileReference; explicitFileType = sourcecode.c.h; fileEncoding = 30; name = ofxLabel.h; path = ../../../../src/openFrameworks/addons/ofxGui/src/ofxLabel.h; sourceTree = SOURCE_ROOT; };
/* End PBXFileReference section */

/* Begin PBXFrameworksBuildPhase section */
		E4B69B590A3A1756003C02F2 /* Frameworks */ = {
			isa = PBXFrameworksBuildPhase;
			buildActionMask = 2147483647;
			files = (
				E4328149138ABC9F0047C5CB /* openFrameworksDebug.a in Frameworks */,
				631702104AFC104323A9EB79 /* CoreMIDI.framework in Frameworks */,
			);
			runOnlyForDeploymentPostprocessing = 0;
		};
/* End PBXFrameworksBuildPhase section */

/* Begin PBXGroup section */
		2413C01760B1811BED0F502D /* ofxMidi */ = {
			isa = PBXGroup;
			children = (
				9CBF51184BE294FD9D73043F /* src */,
				5A08CCDC8D19E7162DE57128 /* libs */,
				36D7EC7EF50E326EAC88A0AD /* frameworks */,
			);
			name = ofxMidi;
			sourceTree = "<group>";
		};
		36D7EC7EF50E326EAC88A0AD /* frameworks */ = {
			isa = PBXGroup;
			children = (
				81AC32CCCB56FAABA3E1BDE0 /* CoreMIDI.framework */,
			);
			name = frameworks;
			sourceTree = "<group>";
		};
		480A780D8D0308AE4A368801 /* ofxGui */ = {
			isa = PBXGroup;
			children = (
				A763ED608B35AE3310251DEE /* src */,
			);
			name = ofxGui;
			sourceTree = "<group>";
		};
		4FE8FB6236C47D936AA2A162 /* ofxGLFWJoystick */ = {
			isa = PBXGroup;
			children = (
				624F91FBC62D93C5DFC94917 /* src */,
			);
			name = ofxGLFWJoystick;
			sourceTree = "<group>";
		};
		5A08CCDC8D19E7162DE57128 /* libs */ = {
			isa = PBXGroup;
			children = (
				945CEFADFB0DF400A92A507C /* rtmidi */,
			);
			name = libs;
			sourceTree = "<group>";
		};
		624F91FBC62D93C5DFC94917 /* src */ = {
			isa = PBXGroup;
			children = (
				8CED72CA859E5E907D55FDA7 /* GenericJoystick.h */,
				8A948434773CD766EAC77F50 /* LogitechF310.h */,
				A3C310A944F05CD59A083B36 /* N64Adaptoid.h */,
				4CB4AED46FACC85812F43C03 /* ofxGLFWJoystick.cpp */,
				CFF9D1B22DDC638E96AE5DD5 /* ofxGLFWJoystick.h */,
			);
			name = src;
			sourceTree = "<group>";
		};
		6948EE371B920CB800B5AC1A /* local_addons */ = {
			isa = PBXGroup;
			children = (
			);
			name = local_addons;
			sourceTree = "<group>";
		};
		945CEFADFB0DF400A92A507C /* rtmidi */ = {
			isa = PBXGroup;
			children = (
				25200D81D7A486439A22F29F /* RtMidi.cpp */,
				25EAFC1B5E296996CEDFC311 /* RtMidi.h */,
			);
			name = rtmidi;
			sourceTree = "<group>";
		};
		99DED6A5D3EDE030B1A80348 /* desktop */ = {
			isa = PBXGroup;
			children = (
				A8DE3A5A0EC4369E55052800 /* ofxRtMidiIn.cpp */,
				8580B28FC305997355D853B5 /* ofxRtMidiIn.h */,
				60D51922CC5D3C471430F66E /* ofxRtMidiOut.cpp */,
				2A9B91B16AF835B7F21A8A7E /* ofxRtMidiOut.h */,
			);
			name = desktop;
			sourceTree = "<group>";
		};
		9CBF51184BE294FD9D73043F /* src */ = {
			isa = PBXGroup;
			children = (
				99DED6A5D3EDE030B1A80348 /* desktop */,
				9801A2774EE2F147E497E666 /* ofxBaseMidi.cpp */,
				DD0395162429FD0CA5107427 /* ofxBaseMidi.h */,
				B6BE787A93A9EF341C460C56 /* ofxMidi.cpp */,
				847F5C29A046CC6610DE7273 /* ofxMidi.h */,
				CF66C6555C8E407B992FBCDF /* ofxMidiConstants.h */,
				0E51595FF03A79A0BBD00013 /* ofxMidiIn.cpp */,
				A267B8DDDFC55DF80749F41E /* ofxMidiIn.h */,
				B1C373DEF5BAE40D18B4533A /* ofxMidiMessage.cpp */,
				B24B5200F1283E281DA7D06F /* ofxMidiMessage.h */,
				7351E9AE51D6D4BDAEE6934A /* ofxMidiOut.cpp */,
				C0EBA6EBF9A7134D900E3543 /* ofxMidiOut.h */,
				C1E0C5B1F4B64893B136CB27 /* ofxMidiTypes.h */,
			);
			name = src;
			sourceTree = "<group>";
		};
		A763ED608B35AE3310251DEE /* src */ = {
			isa = PBXGroup;
			children = (
				82AA3F24A953471E27D37D3D /* ofxBaseGui.cpp */,
				AB753B23F342A80946431F90 /* ofxBaseGui.h */,
				D1051DAF9567AED61A15F31C /* ofxButton.cpp */,
				66DAD44BE6DE9359056649E2 /* ofxButton.h */,
				80FC9CC48ADB646A30D1679F /* ofxGui.h */,
				DEDAC68DCDD8D252AF512843 /* ofxGuiGroup.cpp */,
				A86F37F7B51572D7BEF299B6 /* ofxGuiGroup.h */,
				70BEFE7BF7D7FFD335721F94 /* ofxLabel.cpp */,
				FD0E4611566F4D4889C977DA /* ofxLabel.h */,
				4AE6A6FDBDB20C699A119B32 /* ofxPanel.cpp */,
				CA7C74525C9216AA41465FBA /* ofxPanel.h */,
				2D999C909598014FDCA9D0D8 /* ofxSlider.cpp */,
				F9FBB14BB236B5CBE40D4AA7 /* ofxSlider.h */,
				9784659C28DFD8ABA17676D0 /* ofxSliderGroup.cpp */,
				57DAF4C7884BC6CE19E50560 /* ofxSliderGroup.h */,
				1B045BBA84B41B4E278C0DDB /* ofxToggle.cpp */,
				3AA14969D9AE5F20768A8EB0 /* ofxToggle.h */,
			);
			name = src;
			sourceTree = "<group>";
		};
		BB4B014C10F69532006C3DED /* addons */ = {
			isa = PBXGroup;
			children = (
				4FE8FB6236C47D936AA2A162 /* ofxGLFWJoystick */,
				480A780D8D0308AE4A368801 /* ofxGui */,
				2413C01760B1811BED0F502D /* ofxMidi */,
			);
			name = addons;
			sourceTree = "<group>";
		};
		E4328144138ABC890047C5CB /* Products */ = {
			isa = PBXGroup;
			children = (
				E4328148138ABC890047C5CB /* openFrameworksDebug.a */,
			);
			name = Products;
			sourceTree = "<group>";
		};
		E4B69B4A0A3A1720003C02F2 = {
			isa = PBXGroup;
			children = (
				E4B6FCAD0C3E899E008CF71C /* openFrameworks-Info.plist */,
				E4EB6923138AFD0F00A09F29 /* Project.xcconfig */,
				E4B69E1C0A3A1BDC003C02F2 /* src */,
				E4EEC9E9138DF44700A80321 /* openFrameworks */,
				BB4B014C10F69532006C3DED /* addons */,
				6948EE371B920CB800B5AC1A /* local_addons */,
				E4B69B5B0A3A1756003C02F2 /* exampl3Debug.app */,
			);
			sourceTree = "<group>";
		};
		E4B69E1C0A3A1BDC003C02F2 /* src */ = {
			isa = PBXGroup;
			children = (
				4FB5FE5E1F88CE080010AAE0 /* AxisSmoother.h */,
				E4B69E1D0A3A1BDC003C02F2 /* main.cpp */,
				E4B69E1E0A3A1BDC003C02F2 /* ofApp.cpp */,
				E4B69E1F0A3A1BDC003C02F2 /* ofApp.h */,
			);
			path = src;
			sourceTree = SOURCE_ROOT;
		};
		E4EEC9E9138DF44700A80321 /* openFrameworks */ = {
			isa = PBXGroup;
			children = (
				E4EB691F138AFCF100A09F29 /* CoreOF.xcconfig */,
				E4328143138ABC890047C5CB /* openFrameworksLib.xcodeproj */,
			);
			name = openFrameworks;
			sourceTree = "<group>";
		};
/* End PBXGroup section */

/* Begin PBXNativeTarget section */
		E4B69B5A0A3A1756003C02F2 /* exampl3 */ = {
			isa = PBXNativeTarget;
			buildConfigurationList = E4B69B5F0A3A1757003C02F2 /* Build configuration list for PBXNativeTarget "exampl3" */;
			buildPhases = (
				E4B69B580A3A1756003C02F2 /* Sources */,
				E4B69B590A3A1756003C02F2 /* Frameworks */,
				E4B6FFFD0C3F9AB9008CF71C /* ShellScript */,
				E4C2427710CC5ABF004149E2 /* CopyFiles */,
				8466F1851C04CA0E00918B1C /* ShellScript */,
			);
			buildRules = (
			);
			dependencies = (
				E4EEB9AC138B136A00A80321 /* PBXTargetDependency */,
			);
			name = exampl3;
			productName = myOFApp;
			productReference = E4B69B5B0A3A1756003C02F2 /* exampl3Debug.app */;
			productType = "com.apple.product-type.application";
		};
/* End PBXNativeTarget section */

/* Begin PBXProject section */
		E4B69B4C0A3A1720003C02F2 /* Project object */ = {
			isa = PBXProject;
			attributes = {
				LastUpgradeCheck = 0600;
			};
			buildConfigurationList = E4B69B4D0A3A1720003C02F2 /* Build configuration list for PBXProject "exampl3" */;
			compatibilityVersion = "Xcode 3.2";
			developmentRegion = English;
			hasScannedForEncodings = 0;
			knownRegions = (
				English,
				Japanese,
				French,
				German,
			);
			mainGroup = E4B69B4A0A3A1720003C02F2;
			productRefGroup = E4B69B4A0A3A1720003C02F2;
			projectDirPath = "";
			projectReferences = (
				{
					ProductGroup = E4328144138ABC890047C5CB /* Products */;
					ProjectRef = E4328143138ABC890047C5CB /* openFrameworksLib.xcodeproj */;
				},
			);
			projectRoot = "";
			targets = (
				E4B69B5A0A3A1756003C02F2 /* exampl3 */,
			);
		};
/* End PBXProject section */

/* Begin PBXReferenceProxy section */
		E4328148138ABC890047C5CB /* openFrameworksDebug.a */ = {
			isa = PBXReferenceProxy;
			fileType = archive.ar;
			path = openFrameworksDebug.a;
			remoteRef = E4328147138ABC890047C5CB /* PBXContainerItemProxy */;
			sourceTree = BUILT_PRODUCTS_DIR;
		};
/* End PBXReferenceProxy section */

/* Begin PBXShellScriptBuildPhase section */
		8466F1851C04CA0E00918B1C /* ShellScript */ = {
			isa = PBXShellScriptBuildPhase;
			buildActionMask = 12;
			files = (
			);
			inputPaths = (
			);
			outputPaths = (
			);
			runOnlyForDeploymentPostprocessing = 0;
			shellPath = /bin/sh;
			shellScript = "echo \"$GCC_PREPROCESSOR_DEFINITIONS\";\nAPPSTORE=`expr \"$GCC_PREPROCESSOR_DEFINITIONS\" : \".*APPSTORE=\\([0-9]*\\)\"`\nif [ -z \"$APPSTORE\" ] ; then\necho \"Note: Not copying bin/data to App Package or doing App Code signing. Use AppStore target for AppStore distribution\";\nelse\n# Copy bin/data into App/Resources\nrsync -avz --exclude='.DS_Store' \"${SRCROOT}/bin/data/\" \"${TARGET_BUILD_DIR}/${UNLOCALIZED_RESOURCES_FOLDER_PATH}/data/\"\n\n# ---- Code Sign App Package ----\n\n# WARNING: You may have to run Clean in Xcode after changing CODE_SIGN_IDENTITY!\n\n# Verify that $CODE_SIGN_IDENTITY is set\nif [ -z \"${CODE_SIGN_IDENTITY}\" ] ; then\necho \"CODE_SIGN_IDENTITY needs to be set for framework code-signing\"\nexit 0\nfi\n\nif [ -z \"${CODE_SIGN_ENTITLEMENTS}\" ] ; then\necho \"CODE_SIGN_ENTITLEMENTS needs to be set for framework code-signing!\"\n\nif [ \"${CONFIGURATION}\" = \"Release\" ] ; then\nexit 1\nelse\n# Code-signing is optional for non-release builds.\nexit 0\nfi\nfi\n\nITEMS=\"\"\n\nFRAMEWORKS_DIR=\"${TARGET_BUILD_DIR}/${FRAMEWORKS_FOLDER_PATH}\"\necho \"$FRAMEWORKS_DIR\"\nif [ -d \"$FRAMEWORKS_DIR\" ] ; then\nFRAMEWORKS=$(find \"${FRAMEWORKS_DIR}\" -depth -type d -name \"*.framework\" -or -name \"*.dylib\" -or -name \"*.bundle\" | sed -e \"s/\\(.*framework\\)/\\1\\/Versions\\/A\\//\")\nRESULT=$?\nif [[ $RESULT != 0 ]] ; then\nexit 1\nfi\n\nITEMS=\"${FRAMEWORKS}\"\nfi\n\nLOGINITEMS_DIR=\"${TARGET_BUILD_DIR}/${CONTENTS_FOLDER_PATH}/Library/LoginItems/\"\nif [ -d \"$LOGINITEMS_DIR\" ] ; then\nLOGINITEMS=$(find \"${LOGINITEMS_DIR}\" -depth -type d -name \"*.app\")\nRESULT=$?\nif [[ $RESULT != 0 ]] ; then\nexit 1\nfi\n\nITEMS=\"${ITEMS}\"$'\\n'\"${LOGINITEMS}\"\nfi\n\n# Prefer the expanded name, if available.\nCODE_SIGN_IDENTITY_FOR_ITEMS=\"${EXPANDED_CODE_SIGN_IDENTITY_NAME}\"\nif [ \"${CODE_SIGN_IDENTITY_FOR_ITEMS}\" = \"\" ] ; then\n# Fall back to old behavior.\nCODE_SIGN_IDENTITY_FOR_ITEMS=\"${CODE_SIGN_IDENTITY}\"\nfi\n\necho \"Identity:\"\necho \"${CODE_SIGN_IDENTITY_FOR_ITEMS}\"\n\necho \"Entitlements:\"\necho \"${CODE_SIGN_ENTITLEMENTS}\"\n\necho \"Found:\"\necho \"${ITEMS}\"\n\n# Change the Internal Field Separator (IFS) so that spaces in paths will not cause problems below.\nSAVED_IFS=$IFS\nIFS=$(echo -en \"\\n\\b\")\n\n# Loop through all items.\nfor ITEM in $ITEMS;\ndo\necho \"Signing '${ITEM}'\"\ncodesign --force --verbose --sign \"${CODE_SIGN_IDENTITY_FOR_ITEMS}\" --entitlements \"${CODE_SIGN_ENTITLEMENTS}\" \"${ITEM}\"\nRESULT=$?\nif [[ $RESULT != 0 ]] ; then\necho \"Failed to sign '${ITEM}'.\"\nIFS=$SAVED_IFS\nexit 1\nfi\ndone\n\n# Restore $IFS.\nIFS=$SAVED_IFS\n\nfi\n";
		};
		E4B6FFFD0C3F9AB9008CF71C /* ShellScript */ = {
			isa = PBXShellScriptBuildPhase;
			buildActionMask = 2147483647;
			files = (
			);
			inputPaths = (
			);
			outputPaths = (
			);
			runOnlyForDeploymentPostprocessing = 0;
			shellPath = /bin/sh;
			shellScript = "mkdir -p \"$TARGET_BUILD_DIR/$PRODUCT_NAME.app/Contents/Resources/\"\n# Copy default icon file into App/Resources\nrsync -aved \"$ICON_FILE\" \"$TARGET_BUILD_DIR/$PRODUCT_NAME.app/Contents/Resources/\"\n# Copy libfmod and change install directory for fmod to run\nrsync -aved ../../../../src/openFrameworks/libs/fmodex/lib/osx/libfmodex.dylib \"$TARGET_BUILD_DIR/$PRODUCT_NAME.app/Contents/Frameworks/\";\ninstall_name_tool -change @executable_path/libfmodex.dylib @executable_path/../Frameworks/libfmodex.dylib \"$TARGET_BUILD_DIR/$PRODUCT_NAME.app/Contents/MacOS/$PRODUCT_NAME\";\n\necho \"$GCC_PREPROCESSOR_DEFINITIONS\";\n";
		};
/* End PBXShellScriptBuildPhase section */

/* Begin PBXSourcesBuildPhase section */
		E4B69B580A3A1756003C02F2 /* Sources */ = {
			isa = PBXSourcesBuildPhase;
			buildActionMask = 2147483647;
			files = (
				E4B69E200A3A1BDC003C02F2 /* main.cpp in Sources */,
				E4B69E210A3A1BDC003C02F2 /* ofApp.cpp in Sources */,
				01AF1AD2B06749DDCBD9FB1C /* ofxGLFWJoystick.cpp in Sources */,
				265C584D00CF743F5DCDFA09 /* ofxBaseGui.cpp in Sources */,
				FDDAE3420747F8C98E272A3C /* ofxButton.cpp in Sources */,
				44F7267048798A6D425BC9C2 /* ofxGuiGroup.cpp in Sources */,
				B4C7B869FE07D4246A68EF29 /* ofxLabel.cpp in Sources */,
				7FB97E569128C658CE3A793D /* ofxPanel.cpp in Sources */,
				D015DB6AFC6059CE501471A7 /* ofxSlider.cpp in Sources */,
				297CFAED26A27D2AA7F58058 /* ofxSliderGroup.cpp in Sources */,
				F5B3414F36BC1766201AA5E6 /* ofxToggle.cpp in Sources */,
				7DFF8402FFA38B5D4888E929 /* ofxRtMidiIn.cpp in Sources */,
				0FB91E52145278A9B277BAB5 /* ofxRtMidiOut.cpp in Sources */,
				F2350174323443B3C4E8099E /* ofxBaseMidi.cpp in Sources */,
				384187EE4DE8E9656576880F /* ofxMidi.cpp in Sources */,
				E1B9AD2E368BEB3F0B1F4DF8 /* ofxMidiIn.cpp in Sources */,
				EB42821C576CCBB05C9D908C /* ofxMidiMessage.cpp in Sources */,
				857F5660D31721452422A4A3 /* ofxMidiOut.cpp in Sources */,
				1DF74FFB2A84FF7729E12287 /* RtMidi.cpp in Sources */,
			);
			runOnlyForDeploymentPostprocessing = 0;
		};
/* End PBXSourcesBuildPhase section */

/* Begin PBXTargetDependency section */
		E4EEB9AC138B136A00A80321 /* PBXTargetDependency */ = {
			isa = PBXTargetDependency;
			name = openFrameworks;
			targetProxy = E4EEB9AB138B136A00A80321 /* PBXContainerItemProxy */;
		};
/* End PBXTargetDependency section */

/* Begin XCBuildConfiguration section */
		99FA3DBB1C7456C400CFA0EE /* AppStore */ = {
			isa = XCBuildConfiguration;
			baseConfigurationReference = E4EB6923138AFD0F00A09F29 /* Project.xcconfig */;
			buildSettings = {
				CONFIGURATION_BUILD_DIR = "$(SRCROOT)/bin/";
				COPY_PHASE_STRIP = YES;
				DEAD_CODE_STRIPPING = YES;
				GCC_AUTO_VECTORIZATION = YES;
				GCC_ENABLE_SSE3_EXTENSIONS = YES;
				GCC_ENABLE_SUPPLEMENTAL_SSE3_INSTRUCTIONS = YES;
				GCC_INLINES_ARE_PRIVATE_EXTERN = NO;
				GCC_OPTIMIZATION_LEVEL = 3;
				"GCC_PREPROCESSOR_DEFINITIONS[arch=*]" = "DISTRIBUTION=1";
				GCC_SYMBOLS_PRIVATE_EXTERN = NO;
				GCC_UNROLL_LOOPS = YES;
				GCC_WARN_ABOUT_DEPRECATED_FUNCTIONS = YES;
				GCC_WARN_ABOUT_INVALID_OFFSETOF_MACRO = NO;
				GCC_WARN_ALLOW_INCOMPLETE_PROTOCOL = NO;
				GCC_WARN_UNINITIALIZED_AUTOS = NO;
				GCC_WARN_UNUSED_VALUE = NO;
				GCC_WARN_UNUSED_VARIABLE = NO;
				HEADER_SEARCH_PATHS = (
					"$(OF_CORE_HEADERS)",
					src,
					../../../../src/openFrameworks/addons/ofxGLFWJoystick/src,
					../../../../src/openFrameworks/addons/ofxGui/src,
					../../../../src/openFrameworks/addons/ofxMidi/libs,
					../../../../src/openFrameworks/addons/ofxMidi/libs/pgmidi,
					../../../../src/openFrameworks/addons/ofxMidi/libs/rtmidi,
					../../../../src/openFrameworks/addons/ofxMidi/src,
					../../../../src/openFrameworks/addons/ofxMidi/src/desktop,
					../../../../src/openFrameworks/addons/ofxMidi/src/ios,
				);
				MACOSX_DEPLOYMENT_TARGET = 10.9;
				OTHER_CPLUSPLUSFLAGS = (
					"-D__MACOSX_CORE__",
					"-mtune=native",
				);
				SDKROOT = macosx;
			};
			name = AppStore;
		};
		99FA3DBC1C7456C400CFA0EE /* AppStore */ = {
			isa = XCBuildConfiguration;
			baseConfigurationReference = E4EB6923138AFD0F00A09F29 /* Project.xcconfig */;
			buildSettings = {
				COMBINE_HIDPI_IMAGES = YES;
				COPY_PHASE_STRIP = YES;
				FRAMEWORK_SEARCH_PATHS = "$(inherited)";
				GCC_GENERATE_DEBUGGING_SYMBOLS = YES;
				GCC_MODEL_TUNING = NONE;
				"GCC_PREPROCESSOR_DEFINITIONS[arch=*]" = "APPSTORE=1";
				HEADER_SEARCH_PATHS = (
					"$(OF_CORE_HEADERS)",
					src,
					../../../../src/openFrameworks/addons/ofxGLFWJoystick/src,
					../../../../src/openFrameworks/addons/ofxGui/src,
					../../../../src/openFrameworks/addons/ofxMidi/libs,
					../../../../src/openFrameworks/addons/ofxMidi/libs/pgmidi,
					../../../../src/openFrameworks/addons/ofxMidi/libs/rtmidi,
					../../../../src/openFrameworks/addons/ofxMidi/src,
					../../../../src/openFrameworks/addons/ofxMidi/src/desktop,
					../../../../src/openFrameworks/addons/ofxMidi/src/ios,
				);
				ICON = "$(ICON_NAME_RELEASE)";
				ICON_FILE = "$(ICON_FILE_PATH)$(ICON)";
				INFOPLIST_FILE = "openFrameworks-Info.plist";
				INSTALL_PATH = /Applications;
				LIBRARY_SEARCH_PATHS = "$(inherited)";
				PRODUCT_NAME = "$(TARGET_NAME)";
				WRAPPER_EXTENSION = app;
				baseConfigurationReference = E4EB6923138AFD0F00A09F29;
			};
			name = AppStore;
		};
		E4B69B4E0A3A1720003C02F2 /* Debug */ = {
			isa = XCBuildConfiguration;
			baseConfigurationReference = E4EB6923138AFD0F00A09F29 /* Project.xcconfig */;
			buildSettings = {
				CONFIGURATION_BUILD_DIR = "$(SRCROOT)/bin/";
				COPY_PHASE_STRIP = NO;
				DEAD_CODE_STRIPPING = YES;
				GCC_AUTO_VECTORIZATION = YES;
				GCC_ENABLE_SSE3_EXTENSIONS = YES;
				GCC_ENABLE_SUPPLEMENTAL_SSE3_INSTRUCTIONS = YES;
				GCC_INLINES_ARE_PRIVATE_EXTERN = NO;
				GCC_OPTIMIZATION_LEVEL = 0;
				GCC_SYMBOLS_PRIVATE_EXTERN = NO;
				GCC_WARN_ABOUT_DEPRECATED_FUNCTIONS = YES;
				GCC_WARN_ABOUT_INVALID_OFFSETOF_MACRO = NO;
				GCC_WARN_ALLOW_INCOMPLETE_PROTOCOL = NO;
				GCC_WARN_UNINITIALIZED_AUTOS = NO;
				GCC_WARN_UNUSED_VALUE = NO;
				GCC_WARN_UNUSED_VARIABLE = NO;
				HEADER_SEARCH_PATHS = (
					"$(OF_CORE_HEADERS)",
					src,
					../../../../src/openFrameworks/addons/ofxGLFWJoystick/src,
					../../../../src/openFrameworks/addons/ofxGui/src,
					../../../../src/openFrameworks/addons/ofxMidi/libs,
					../../../../src/openFrameworks/addons/ofxMidi/libs/pgmidi,
					../../../../src/openFrameworks/addons/ofxMidi/libs/rtmidi,
					../../../../src/openFrameworks/addons/ofxMidi/src,
					../../../../src/openFrameworks/addons/ofxMidi/src/desktop,
					../../../../src/openFrameworks/addons/ofxMidi/src/ios,
				);
				MACOSX_DEPLOYMENT_TARGET = 10.9;
				ONLY_ACTIVE_ARCH = YES;
				OTHER_CPLUSPLUSFLAGS = (
					"-D__MACOSX_CORE__",
					"-mtune=native",
				);
				SDKROOT = macosx;
			};
			name = Debug;
		};
		E4B69B4F0A3A1720003C02F2 /* Release */ = {
			isa = XCBuildConfiguration;
			baseConfigurationReference = E4EB6923138AFD0F00A09F29 /* Project.xcconfig */;
			buildSettings = {
				CONFIGURATION_BUILD_DIR = "$(SRCROOT)/bin/";
				COPY_PHASE_STRIP = YES;
				DEAD_CODE_STRIPPING = YES;
				GCC_AUTO_VECTORIZATION = YES;
				GCC_ENABLE_SSE3_EXTENSIONS = YES;
				GCC_ENABLE_SUPPLEMENTAL_SSE3_INSTRUCTIONS = YES;
				GCC_INLINES_ARE_PRIVATE_EXTERN = NO;
				GCC_OPTIMIZATION_LEVEL = 3;
				GCC_SYMBOLS_PRIVATE_EXTERN = NO;
				GCC_UNROLL_LOOPS = YES;
				GCC_WARN_ABOUT_DEPRECATED_FUNCTIONS = YES;
				GCC_WARN_ABOUT_INVALID_OFFSETOF_MACRO = NO;
				GCC_WARN_ALLOW_INCOMPLETE_PROTOCOL = NO;
				GCC_WARN_UNINITIALIZED_AUTOS = NO;
				GCC_WARN_UNUSED_VALUE = NO;
				GCC_WARN_UNUSED_VARIABLE = NO;
				HEADER_SEARCH_PATHS = (
					"$(OF_CORE_HEADERS)",
					src,
					../../../../src/openFrameworks/addons/ofxGLFWJoystick/src,
					../../../../src/openFrameworks/addons/ofxGui/src,
					../../../../src/openFrameworks/addons/ofxMidi/libs,
					../../../../src/openFrameworks/addons/ofxMidi/libs/pgmidi,
					../../../../src/openFrameworks/addons/ofxMidi/libs/rtmidi,
					../../../../src/openFrameworks/addons/ofxMidi/src,
					../../../../src/openFrameworks/addons/ofxMidi/src/desktop,
					../../../../src/openFrameworks/addons/ofxMidi/src/ios,
				);
				MACOSX_DEPLOYMENT_TARGET = 10.9;
				OTHER_CPLUSPLUSFLAGS = (
					"-D__MACOSX_CORE__",
					"-mtune=native",
				);
				SDKROOT = macosx;
			};
			name = Release;
		};
		E4B69B600A3A1757003C02F2 /* Debug */ = {
			isa = XCBuildConfiguration;
			baseConfigurationReference = E4EB6923138AFD0F00A09F29 /* Project.xcconfig */;
			buildSettings = {
				COMBINE_HIDPI_IMAGES = YES;
				COPY_PHASE_STRIP = NO;
				FRAMEWORK_SEARCH_PATHS = "$(inherited)";
				GCC_DYNAMIC_NO_PIC = NO;
				GCC_GENERATE_DEBUGGING_SYMBOLS = YES;
				GCC_MODEL_TUNING = NONE;
				HEADER_SEARCH_PATHS = (
					"$(OF_CORE_HEADERS)",
					src,
					../../../../src/openFrameworks/addons/ofxGLFWJoystick/src,
					../../../../src/openFrameworks/addons/ofxGui/src,
					../../../../src/openFrameworks/addons/ofxMidi/libs,
					../../../../src/openFrameworks/addons/ofxMidi/libs/pgmidi,
					../../../../src/openFrameworks/addons/ofxMidi/libs/rtmidi,
					../../../../src/openFrameworks/addons/ofxMidi/src,
					../../../../src/openFrameworks/addons/ofxMidi/src/desktop,
					../../../../src/openFrameworks/addons/ofxMidi/src/ios,
				);
				ICON = "$(ICON_NAME_DEBUG)";
				ICON_FILE = "$(ICON_FILE_PATH)$(ICON)";
				INFOPLIST_FILE = "openFrameworks-Info.plist";
				INSTALL_PATH = /Applications;
				LIBRARY_SEARCH_PATHS = "$(inherited)";
				PRODUCT_NAME = "$(TARGET_NAME)Debug";
				WRAPPER_EXTENSION = app;
			};
			name = Debug;
		};
		E4B69B610A3A1757003C02F2 /* Release */ = {
			isa = XCBuildConfiguration;
			baseConfigurationReference = E4EB6923138AFD0F00A09F29 /* Project.xcconfig */;
			buildSettings = {
				COMBINE_HIDPI_IMAGES = YES;
				COPY_PHASE_STRIP = YES;
				FRAMEWORK_SEARCH_PATHS = "$(inherited)";
				GCC_GENERATE_DEBUGGING_SYMBOLS = YES;
				GCC_MODEL_TUNING = NONE;
				HEADER_SEARCH_PATHS = (
					"$(OF_CORE_HEADERS)",
					src,
					../../../../src/openFrameworks/addons/ofxGLFWJoystick/src,
					../../../../src/openFrameworks/addons/ofxGui/src,
					../../../../src/openFrameworks/addons/ofxMidi/libs,
					../../../../src/openFrameworks/addons/ofxMidi/libs/pgmidi,
					../../../../src/openFrameworks/addons/ofxMidi/libs/rtmidi,
					../../../../src/openFrameworks/addons/ofxMidi/src,
					../../../../src/openFrameworks/addons/ofxMidi/src/desktop,
					../../../../src/openFrameworks/addons/ofxMidi/src/ios,
				);
				ICON = "$(ICON_NAME_RELEASE)";
				ICON_FILE = "$(ICON_FILE_PATH)$(ICON)";
				INFOPLIST_FILE = "openFrameworks-Info.plist";
				INSTALL_PATH = /Applications;
				LIBRARY_SEARCH_PATHS = "$(inherited)";
				PRODUCT_NAME = "$(TARGET_NAME)";
				WRAPPER_EXTENSION = app;
				baseConfigurationReference = E4EB6923138AFD0F00A09F29;
			};
			name = Release;
		};
/* End XCBuildConfiguration section */

/* Begin XCConfigurationList section */
		E4B69B4D0A3A1720003C02F2 /* Build configuration list for PBXProject "exampl3" */ = {
			isa = XCConfigurationList;
			buildConfigurations = (
				E4B69B4E0A3A1720003C02F2 /* Debug */,
				E4B69B4F0A3A1720003C02F2 /* Release */,
				99FA3DBB1C7456C400CFA0EE /* AppStore */,
			);
			defaultConfigurationIsVisible = 0;
			defaultConfigurationName = Release;
		};
		E4B69B5F0A3A1757003C02F2 /* Build configuration list for PBXNativeTarget "exampl3" */ = {
			isa = XCConfigurationList;
			buildConfigurations = (
				E4B69B600A3A1757003C02F2 /* Debug */,
				E4B69B610A3A1757003C02F2 /* Release */,
				99FA3DBC1C7456C400CFA0EE /* AppStore */,
			);
			defaultConfigurationIsVisible = 0;
			defaultConfigurationName = Release;
		};
/* End XCConfigurationList section */
	};
	rootObject = E4B69B4C0A3A1720003C02F2 /* Project object */;
}
